
Microsoft Visual Studio Solution File, Format Version 11.00
# Visual Studio 2010
Project("{FAE04EC0-301F-11D3-BF4B-00C04F79EFBC}") = "Shade", "Assembly-CSharp-firstpass.csproj", "{02C5B9AD-C7EF-5A0A-F9D4-BAA3D31F7D5E}"
EndProject
Project("{FAE04EC0-301F-11D3-BF4B-00C04F79EFBC}") = "Shade", "Assembly-CSharp.csproj", "{88189128-124D-3941-85E6-B038D964AC4A}"
EndProject
Global
	GlobalSection(SolutionConfigurationPlatforms) = preSolution
		Debug|Any CPU = Debug|Any CPU
		Release|Any CPU = Release|Any CPU
	EndGlobalSection
	GlobalSection(ProjectConfigurationPlatforms) = postSolution
		{02C5B9AD-C7EF-5A0A-F9D4-BAA3D31F7D5E}.Debug|Any CPU.ActiveCfg = Debug|Any CPU
		{02C5B9AD-C7EF-5A0A-F9D4-BAA3D31F7D5E}.Debug|Any CPU.Build.0 = Debug|Any CPU
		{02C5B9AD-C7EF-5A0A-F9D4-BAA3D31F7D5E}.Release|Any CPU.ActiveCfg = Release|Any CPU
		{02C5B9AD-C7EF-5A0A-F9D4-BAA3D31F7D5E}.Release|Any CPU.Build.0 = Release|Any CPU
		{88189128-124D-3941-85E6-B038D964AC4A}.Debug|Any CPU.ActiveCfg = Debug|Any CPU
		{88189128-124D-3941-85E6-B038D964AC4A}.Debug|Any CPU.Build.0 = Debug|Any CPU
		{88189128-124D-3941-85E6-B038D964AC4A}.Release|Any CPU.ActiveCfg = Release|Any CPU
		{88189128-124D-3941-85E6-B038D964AC4A}.Release|Any CPU.Build.0 = Release|Any CPU
	EndGlobalSection
	GlobalSection(SolutionProperties) = preSolution
		HideSolutionNode = FALSE
	EndGlobalSection
	GlobalSection(MonoDevelopProperties) = preSolution
		StartupItem = Assembly-CSharp.csproj
	EndGlobalSection
EndGlobal
